
Microsoft Visual Studio Solution File, Format Version 12.00
# Visual Studio 11
Project("{FAE04EC0-301F-11D3-BF4B-00C04F79EFBC}") = "IronScheme.VisualStudio", "LanguageService\IronScheme.VisualStudio.csproj", "{697144D5-DC3B-484B-9747-E79CB6D7AC97}"
EndProject
Project("{FAE04EC0-301F-11D3-BF4B-00C04F79EFBC}") = "VSIX", "VSIX\VSIX.csproj", "{AE04253A-C166-445E-93FE-05CFA101B481}"
EndProject
Global
	GlobalSection(SolutionConfigurationPlatforms) = preSolution
		Debug|Any CPU = Debug|Any CPU
		Release|Any CPU = Release|Any CPU
	EndGlobalSection
	GlobalSection(ProjectConfigurationPlatforms) = postSolution
		{697144D5-DC3B-484B-9747-E79CB6D7AC97}.Debug|Any CPU.ActiveCfg = Debug|Any CPU
		{697144D5-DC3B-484B-9747-E79CB6D7AC97}.Debug|Any CPU.Build.0 = Debug|Any CPU
		{697144D5-DC3B-484B-9747-E79CB6D7AC97}.Release|Any CPU.ActiveCfg = Release|Any CPU
		{697144D5-DC3B-484B-9747-E79CB6D7AC97}.Release|Any CPU.Build.0 = Release|Any CPU
		{AE04253A-C166-445E-93FE-05CFA101B481}.Debug|Any CPU.ActiveCfg = Debug|Any CPU
		{AE04253A-C166-445E-93FE-05CFA101B481}.Release|Any CPU.ActiveCfg = Release|Any CPU
		{AE04253A-C166-445E-93FE-05CFA101B481}.Release|Any CPU.Build.0 = Release|Any CPU
	EndGlobalSection
	GlobalSection(SolutionProperties) = preSolution
		HideSolutionNode = FALSE
	EndGlobalSection
	GlobalSection(ExtensibilityAddIns) = postSolution
		DebugSamples90.Connect = 1;Configure Project for VSIP Experimental Environment;ConfigVSIPDebug
	EndGlobalSection
EndGlobal
